PODS:
  - AFNetworking (3.2.1):
    - AFNetworking/NSURLSession (= 3.2.1)
    - AFNetworking/Reachability (= 3.2.1)
    - AFNetworking/Security (= 3.2.1)
    - AFNetworking/Serialization (= 3.2.1)
    - AFNetworking/UIKit (= 3.2.1)
  - AFNetworking/NSURLSession (3.2.1):
    - AFNetworking/Reachability
    - AFNetworking/Security
    - AFNetworking/Serialization
  - AFNetworking/Reachability (3.2.1)
  - AFNetworking/Security (3.2.1)
  - AFNetworking/Serialization (3.2.1)
  - AFNetworking/UIKit (3.2.1):
    - AFNetworking/NSURLSession
  - DMProgressHUD (0.0.6)
  - JSONModel (1.8.0)
  - KVOController (1.2.0)
  - Masonry (1.1.0)
  - MBProgressHUD (1.1.0)
  - PoporAVPlayer (0.0.07):
    - KVOController
    - Masonry
    - PoporFoundation/NSAssistant
    - PoporFoundation/PrefixCore
    - PoporOrientation
    - PoporUI/IToast
    - PoporUI/UIView
    - ReactiveObjC
  - PoporFoundation/NSAssistant (0.0.49):
    - PoporFoundation/PrefixCore
    - PoporFoundation/PrefixOs
  - PoporFoundation/NSDate (0.0.49):
    - PoporFoundation/NSString
  - PoporFoundation/NSFileManager (0.0.49)
  - PoporFoundation/NSObject (0.0.49)
  - PoporFoundation/NSString (0.0.49):
    - PoporFoundation/PrefixOs
  - PoporFoundation/PrefixCore (0.0.49):
    - PoporFoundation/PrefixOs
  - PoporFoundation/PrefixOs (0.0.49)
  - PoporImageBrower (0.0.23):
    - MBProgressHUD
    - SDWebImage
  - PoporMedia (0.0.14):
    - PoporMedia/PoporMedia (= 0.0.14)
  - PoporMedia/PoporMedia (0.0.14):
    - Masonry
    - PoporFoundation/NSFileManager
    - PoporFoundation/PrefixCore
    - PoporImageBrower
    - PoporUI/IToast
    - PoporUI/Tool
    - PoporUI/UIDeviceScreen
    - PoporUI/UIImage
    - PoporUI/UIView
    - ReactiveObjC
    - SKFCamera
    - TZImagePickerController
  - PoporOrientation (0.0.3):
    - PoporFoundation/NSObject
  - PoporUI/BlockView (0.0.50)
  - PoporUI/IToast (0.0.50):
    - PoporFoundation/NSString
  - PoporUI/Tool (0.0.50):
    - PoporFoundation/NSString
    - PoporUI/BlockView
    - PoporUI/IToast
  - PoporUI/UIDeviceScreen (0.0.50)
  - PoporUI/UIImage (0.0.50)
  - PoporUI/UIView (0.0.50)
  - PoporUploadVC (0.0.01):
    - AFNetworking
    - DMProgressHUD
    - JSONModel
    - Masonry
    - PoporAVPlayer
    - PoporFoundation/NSAssistant
    - PoporFoundation/NSDate
    - PoporFoundation/PrefixCore
    - PoporImageBrower
    - PoporMedia
    - PoporUI/IToast
    - SDWebImage
  - ReactiveObjC (3.1.1)
  - SDWebImage (5.0.6):
    - SDWebImage/Core (= 5.0.6)
  - SDWebImage/Core (5.0.6)
  - SKFCamera (1.3.2)
  - TZImagePickerController (3.2.1)

DEPENDENCIES:
  - PoporUploadVC (from `../`)

SPEC REPOS:
  https://github.com/cocoapods/specs.git:
    - AFNetworking
    - DMProgressHUD
    - JSONModel
    - KVOController
    - Masonry
    - MBProgressHUD
    - PoporAVPlayer
    - PoporFoundation
    - PoporImageBrower
    - PoporMedia
    - PoporOrientation
    - PoporUI
    - ReactiveObjC
    - SDWebImage
    - SKFCamera
    - TZImagePickerController

EXTERNAL SOURCES:
  PoporUploadVC:
    :path: "../"

SPEC CHECKSUMS:
  AFNetworking: b6f891fdfaed196b46c7a83cf209e09697b94057
  DMProgressHUD: 08d99c8a3db0ae7a0c2d79c6939e8c32a5f8bfa1
  JSONModel: 02ab723958366a3fd27da57ea2af2113658762e9
  KVOController: d72ace34afea42468329623b3379ab3cd1d286b6
  Masonry: 678fab65091a9290e40e2832a55e7ab731aad201
  MBProgressHUD: e7baa36a220447d8aeb12769bf0585582f3866d9
  PoporAVPlayer: c483fa051fb98ec54faa6a9cb62f444369b9600d
  PoporFoundation: 10375a71f9064f0571aab23c145bbf43b783ee40
  PoporImageBrower: 5ee21d4c5391fae11d44e4df27888c8212138717
  PoporMedia: a11e3df61eae7ed625dc917fbd66f6dfb68cc47a
  PoporOrientation: 92216eb28427bc152e897c5edf6725aaa1c766cf
  PoporUI: d1d789956ad6548e7376a40742b491fd4c7bf3b1
  PoporUploadVC: 15705ba4223279a2255a824285911a3e5abffdd2
  ReactiveObjC: 011caa393aa0383245f2dcf9bf02e86b80b36040
  SDWebImage: 920f1a2ff1ca8296ad34f6e0510a1ef1d70ac965
  SKFCamera: d63fa8ca23eb5ec51ade911fcbe736ffc5b37b4d
  TZImagePickerController: bf4c57b98d8707fce41ea6be872414a71c7a8c9d

PODFILE CHECKSUM: fbe610755fb38d94cb03e2723746f4f32481f1b2

COCOAPODS: 1.7.5
